
Microsoft Visual Studio Solution File, Format Version 12.00
# Visual Studio Version 16
VisualStudioVersion = 16.0.30621.155
MinimumVisualStudioVersion = 10.0.40219.1
Project("{9A19103F-16F7-4668-BE54-9A1E7A4F7556}") = "Lesson20Homework", "Lesson20Homework\Lesson20Homework.csproj", "{49DF38B3-35D3-4E41-BC04-EA8E1D559BEF}"
EndProject
Project("{FAE04EC0-301F-11D3-BF4B-00C04F79EFBC}") = "Lesson20Homewrok3", "Lesson20Homewrok3\Lesson20Homewrok3.csproj", "{719E70F9-D6AD-4002-9265-DB73FBE427F4}"
EndProject
Global
	GlobalSection(SolutionConfigurationPlatforms) = preSolution
		Debug|Any CPU = Debug|Any CPU
		Release|Any CPU = Release|Any CPU
	EndGlobalSection
	GlobalSection(ProjectConfigurationPlatforms) = postSolution
		{49DF38B3-35D3-4E41-BC04-EA8E1D559BEF}.Debug|Any CPU.ActiveCfg = Debug|Any CPU
		{49DF38B3-35D3-4E41-BC04-EA8E1D559BEF}.Debug|Any CPU.Build.0 = Debug|Any CPU
		{49DF38B3-35D3-4E41-BC04-EA8E1D559BEF}.Release|Any CPU.ActiveCfg = Release|Any CPU
		{49DF38B3-35D3-4E41-BC04-EA8E1D559BEF}.Release|Any CPU.Build.0 = Release|Any CPU
		{719E70F9-D6AD-4002-9265-DB73FBE427F4}.Debug|Any CPU.ActiveCfg = Debug|Any CPU
		{719E70F9-D6AD-4002-9265-DB73FBE427F4}.Debug|Any CPU.Build.0 = Debug|Any CPU
		{719E70F9-D6AD-4002-9265-DB73FBE427F4}.Release|Any CPU.ActiveCfg = Release|Any CPU
		{719E70F9-D6AD-4002-9265-DB73FBE427F4}.Release|Any CPU.Build.0 = Release|Any CPU
	EndGlobalSection
	GlobalSection(SolutionProperties) = preSolution
		HideSolutionNode = FALSE
	EndGlobalSection
	GlobalSection(ExtensibilityGlobals) = postSolution
		SolutionGuid = {61C52713-D0DA-442E-B1ED-9F666DFAA6FC}
	EndGlobalSection
EndGlobal
